PODS:
  - Alamofire (5.5.0)
  - Kingfisher (7.2.0)
  - youtube-ios-player-helper (1.0.4)

DEPENDENCIES:
  - Alamofire (~> 5.5)
  - Kingfisher (~> 7.0)
  - youtube-ios-player-helper (~> 1.0.4)

SPEC REPOS:
  trunk:
    - Alamofire
    - Kingfisher
    - youtube-ios-player-helper

SPEC CHECKSUMS:
  Alamofire: 1c4fb5369c3fe93d2857c780d8bbe09f06f97e7c
  Kingfisher: 3ac0b75b155cabc0e544877d1a4deea29feece92
  youtube-ios-player-helper: e9b97535e816db3152179d84d999bc1807ecd689

PODFILE CHECKSUM: 18386a4686df6dc463c37afaf2b7c5ba23d9b8da

COCOAPODS: 1.11.3
